
Microsoft Visual Studio Solution File, Format Version 12.00
# Visual Studio Version 17
VisualStudioVersion = 17.7.34221.43
MinimumVisualStudioVersion = 10.0.40219.1
Project("{FAE04EC0-301F-11D3-BF4B-00C04F79EFBC}") = "Pasca_Andrei_Lab10", "Pasca_Andrei_Lab10\Pasca_Andrei_Lab10.csproj", "{EFA28517-6DB0-454C-8C4E-CD991196A814}"
EndProject
Project("{FAE04EC0-301F-11D3-BF4B-00C04F79EFBC}") = "gRPCClient", "gRPCClient\gRPCClient.csproj", "{A06FEBEE-8262-455F-95C2-3C5B9C99A041}"
EndProject
Global
	GlobalSection(SolutionConfigurationPlatforms) = preSolution
		Debug|Any CPU = Debug|Any CPU
		Release|Any CPU = Release|Any CPU
	EndGlobalSection
	GlobalSection(ProjectConfigurationPlatforms) = postSolution
		{EFA28517-6DB0-454C-8C4E-CD991196A814}.Debug|Any CPU.ActiveCfg = Debug|Any CPU
		{EFA28517-6DB0-454C-8C4E-CD991196A814}.Debug|Any CPU.Build.0 = Debug|Any CPU
		{EFA28517-6DB0-454C-8C4E-CD991196A814}.Release|Any CPU.ActiveCfg = Release|Any CPU
		{EFA28517-6DB0-454C-8C4E-CD991196A814}.Release|Any CPU.Build.0 = Release|Any CPU
		{A06FEBEE-8262-455F-95C2-3C5B9C99A041}.Debug|Any CPU.ActiveCfg = Debug|Any CPU
		{A06FEBEE-8262-455F-95C2-3C5B9C99A041}.Debug|Any CPU.Build.0 = Debug|Any CPU
		{A06FEBEE-8262-455F-95C2-3C5B9C99A041}.Release|Any CPU.ActiveCfg = Release|Any CPU
		{A06FEBEE-8262-455F-95C2-3C5B9C99A041}.Release|Any CPU.Build.0 = Release|Any CPU
	EndGlobalSection
	GlobalSection(SolutionProperties) = preSolution
		HideSolutionNode = FALSE
	EndGlobalSection
	GlobalSection(ExtensibilityGlobals) = postSolution
		SolutionGuid = {DBF86386-0C7B-4A38-85EF-F9EDCE554159}
	EndGlobalSection
EndGlobal
